dependencies:
- name: bakery-backend
  repository: file://../bakery-backend
  version: 0.1.0
- name: bakery-backend
  repository: file://../bakery-backend
  version: 0.1.0
- name: bakery-backend
  repository: file://../bakery-backend
  version: 0.1.0
- name: web
  repository: file://../web
  version: 0.1.0
- name: postgresql
  repository: https://charts.bitnami.com/bitnami
  version: 16.0.6
digest: sha256:bc5772ffe54fde8a4a84a7dc18bf212f1c083da3b35aaa9cb264ffd6dd0f4fa2
generated: "2026-05-02T20:57:45.0829452-07:00"
